apiVersion: v1
kind: ConfigMap
metadata:
  name: ever-nginx-conf-server-block
  namespace: ever-ns
data:
  nginx-conf: |
    server {

      location /vod {
        rewrite /([a-zA-Z0-9_\-]*)/([a-zA-Z0-9_\-]*)/([0-9]*)/(.*)\.(ts)$ /ts/$2/$3/$4.$5 last; # .ts 요청 rewrite

        autoindex off;      # 디렉토리 목록을 표시합니다. 필요에 따라 off로 설정할 수 있습니다.

        secure_link $arg_token,$arg_expires;           
        secure_link_md5 "$secure_link_expires $uri mysecret";
        
        if ($secure_link = "") { return 403; }
        if ($secure_link = "0") { return 410; }

        alias /mnt/vod;
      }

      location /ts {
        internal;           
        autoindex off;

        alias /mnt/vod;
      }

    }
